
Microsoft Visual Studio Solution File, Format Version 12.00
# Visual Studio Version 17
VisualStudioVersion = 17.0.31903.59
MinimumVisualStudioVersion = 10.0.40219.1
Project("{FAE04EC0-301F-11D3-BF4B-00C04F79EFBC}") = "ConfDbRipper", "ConfDbRipper.csproj", "{36580269-96B8-4B45-B2FF-B6046817ED28}"
EndProject
Global
	GlobalSection(SolutionConfigurationPlatforms) = preSolution
		Debug|Any CPU = Debug|Any CPU
		Release|Any CPU = Release|Any CPU
	EndGlobalSection
	GlobalSection(ProjectConfigurationPlatforms) = postSolution
		{36580269-96B8-4B45-B2FF-B6046817ED28}.Debug|Any CPU.ActiveCfg = Debug|Any CPU
		{36580269-96B8-4B45-B2FF-B6046817ED28}.Debug|Any CPU.Build.0 = Debug|Any CPU
		{36580269-96B8-4B45-B2FF-B6046817ED28}.Release|Any CPU.ActiveCfg = Release|Any CPU
		{36580269-96B8-4B45-B2FF-B6046817ED28}.Release|Any CPU.Build.0 = Release|Any CPU
	EndGlobalSection
	GlobalSection(SolutionProperties) = preSolution
		HideSolutionNode = FALSE
	EndGlobalSection
	GlobalSection(ExtensibilityGlobals) = postSolution
		SolutionGuid = {B9AA7BEF-FF1D-4D48-B50B-2FA3FF85E78F}
	EndGlobalSection
EndGlobal
